
Microsoft Visual Studio Solution File, Format Version 12.00
# Visual Studio 2012
Project("{FAE04EC0-301F-11D3-BF4B-00C04F79EFBC}") = "NNUGAngularJS", "NNUGAngularJS\NNUGAngularJS.csproj", "{EE9F9B7D-1E74-49BF-8CD1-11BD6A992EBD}"
EndProject
Global
	GlobalSection(SolutionConfigurationPlatforms) = preSolution
		Debug|Any CPU = Debug|Any CPU
		Release|Any CPU = Release|Any CPU
	EndGlobalSection
	GlobalSection(ProjectConfigurationPlatforms) = postSolution
		{EE9F9B7D-1E74-49BF-8CD1-11BD6A992EBD}.Debug|Any CPU.ActiveCfg = Debug|Any CPU
		{EE9F9B7D-1E74-49BF-8CD1-11BD6A992EBD}.Debug|Any CPU.Build.0 = Debug|Any CPU
		{EE9F9B7D-1E74-49BF-8CD1-11BD6A992EBD}.Release|Any CPU.ActiveCfg = Release|Any CPU
		{EE9F9B7D-1E74-49BF-8CD1-11BD6A992EBD}.Release|Any CPU.Build.0 = Release|Any CPU
	EndGlobalSection
	GlobalSection(SolutionProperties) = preSolution
		HideSolutionNode = FALSE
	EndGlobalSection
EndGlobal
